
Microsoft Visual Studio Solution File, Format Version 12.00
# Visual Studio Version 16
VisualStudioVersion = 16.0.31112.23
MinimumVisualStudioVersion = 10.0.40219.1
Project("{FAE04EC0-301F-11D3-BF4B-00C04F79EFBC}") = "Authorization1", "Authorization1\Authorization1.csproj", "{C3D1C825-B8B4-458A-A7AF-9704228CB43B}"
EndProject
Project("{FAE04EC0-301F-11D3-BF4B-00C04F79EFBC}") = "Roles", "Roles\Roles.csproj", "{B8BFD0BF-6823-4E3B-9396-887ACE1BCA3F}"
EndProject
Project("{2150E333-8FDC-42A3-9474-1A3956D46DE8}") = "Solution Items", "Solution Items", "{C81B08F7-1974-4BB8-BCB3-B339C34010E3}"
	ProjectSection(SolutionItems) = preProject
		.gitignore = .gitignore
	EndProjectSection
EndProject
Global
	GlobalSection(SolutionConfigurationPlatforms) = preSolution
		Debug|Any CPU = Debug|Any CPU
		Release|Any CPU = Release|Any CPU
	EndGlobalSection
	GlobalSection(ProjectConfigurationPlatforms) = postSolution
		{C3D1C825-B8B4-458A-A7AF-9704228CB43B}.Debug|Any CPU.ActiveCfg = Debug|Any CPU
		{C3D1C825-B8B4-458A-A7AF-9704228CB43B}.Debug|Any CPU.Build.0 = Debug|Any CPU
		{C3D1C825-B8B4-458A-A7AF-9704228CB43B}.Release|Any CPU.ActiveCfg = Release|Any CPU
		{C3D1C825-B8B4-458A-A7AF-9704228CB43B}.Release|Any CPU.Build.0 = Release|Any CPU
		{B8BFD0BF-6823-4E3B-9396-887ACE1BCA3F}.Debug|Any CPU.ActiveCfg = Debug|Any CPU
		{B8BFD0BF-6823-4E3B-9396-887ACE1BCA3F}.Debug|Any CPU.Build.0 = Debug|Any CPU
		{B8BFD0BF-6823-4E3B-9396-887ACE1BCA3F}.Release|Any CPU.ActiveCfg = Release|Any CPU
		{B8BFD0BF-6823-4E3B-9396-887ACE1BCA3F}.Release|Any CPU.Build.0 = Release|Any CPU
	EndGlobalSection
	GlobalSection(SolutionProperties) = preSolution
		HideSolutionNode = FALSE
	EndGlobalSection
	GlobalSection(ExtensibilityGlobals) = postSolution
		SolutionGuid = {899E0430-31F2-41F4-BD2E-E58528914E11}
	EndGlobalSection
EndGlobal
